
Microsoft Visual Studio Solution File, Format Version 12.00
# Visual Studio Version 17
VisualStudioVersion = 17.14.36310.24 d17.14
MinimumVisualStudioVersion = 10.0.40219.1
Project("{FAE04EC0-301F-11D3-BF4B-00C04F79EFBC}") = "taskc#one", "taskc#one\taskc#one.csproj", "{4AC175CA-81C0-4578-93B9-0A4EBE9552FD}"
EndProject
Global
	GlobalSection(SolutionConfigurationPlatforms) = preSolution
		Debug|Any CPU = Debug|Any CPU
		Release|Any CPU = Release|Any CPU
	EndGlobalSection
	GlobalSection(ProjectConfigurationPlatforms) = postSolution
		{4AC175CA-81C0-4578-93B9-0A4EBE9552FD}.Debug|Any CPU.ActiveCfg = Debug|Any CPU
		{4AC175CA-81C0-4578-93B9-0A4EBE9552FD}.Debug|Any CPU.Build.0 = Debug|Any CPU
		{4AC175CA-81C0-4578-93B9-0A4EBE9552FD}.Release|Any CPU.ActiveCfg = Release|Any CPU
		{4AC175CA-81C0-4578-93B9-0A4EBE9552FD}.Release|Any CPU.Build.0 = Release|Any CPU
	EndGlobalSection
	GlobalSection(SolutionProperties) = preSolution
		HideSolutionNode = FALSE
	EndGlobalSection
	GlobalSection(ExtensibilityGlobals) = postSolution
		SolutionGuid = {B34C4C20-64DA-435B-B716-F200600D69A9}
	EndGlobalSection
EndGlobal
